
Microsoft Visual Studio Solution File, Format Version 12.00
# Visual Studio 2012
# Ranorex Studio 10.1.0
VisualStudioVersion = 12.0.20827.3
MinimumVisualStudioVersion = 10.0.40219.1
Project("{2150E333-8FDC-42A3-9474-1A3956D46DE8}") = "Solution Items", "Solution Items", "{8E90CA3E-140B-4C7A-BDAA-6F7B72DBEEEE}"
	ProjectSection(SolutionItems) = postProject
		Ranorex = .\Ranorex.rxsettings
	EndProjectSection
EndProject
Project("{FAE04EC0-301F-11D3-BF4B-00C04F79EFBC}") = "WindowsApp", "WindowsApp\WindowsApp.csproj", "{BFCA750C-0484-4F5A-8244-00309BD4DEDC}"
EndProject
Global
	GlobalSection(SolutionConfigurationPlatforms) = preSolution
		Debug|x86 = Debug|x86
		Release|x86 = Release|x86
	EndGlobalSection
	GlobalSection(ProjectConfigurationPlatforms) = postSolution
		{BFCA750C-0484-4F5A-8244-00309BD4DEDC}.Debug|x86.Build.0 = Debug|x86
		{BFCA750C-0484-4F5A-8244-00309BD4DEDC}.Debug|x86.ActiveCfg = Debug|x86
		{BFCA750C-0484-4F5A-8244-00309BD4DEDC}.Release|x86.Build.0 = Release|x86
		{BFCA750C-0484-4F5A-8244-00309BD4DEDC}.Release|x86.ActiveCfg = Release|x86
	EndGlobalSection
EndGlobal
